// !$*UTF8*$!
{
	archiveVersion = 1;
	classes = {
	};
	objectVersion = 50;
	objects = {

/* Begin PBXBuildFile section */
		65CD168D230F8B450052CB3F /* GSLKit.framework in Frameworks */ = {isa = PBXBuildFile; fileRef = 65CD1683230F8B450052CB3F /* GSLKit.framework */; };
		65CD1692230F8B450052CB3F /* GSLKitTests.m in Sources */ = {isa = PBXBuildFile; fileRef = 65CD1691230F8B450052CB3F /* GSLKitTests.m */; };
		65CD1694230F8B450052CB3F /* GSLKit.h in Headers */ = {isa = PBXBuildFile; fileRef = 65CD1686230F8B450052CB3F /* GSLKit.h */; settings = {ATTRIBUTES = (Public, ); }; };
		65CD16C5230F8BA10052CB3F /* GSLJSON.m in Sources */ = {isa = PBXBuildFile; fileRef = 65CD169E230F8BA00052CB3F /* GSLJSON.m */; };
		65CD16C6230F8BA10052CB3F /* UIDevice+GSLAddition.m in Sources */ = {isa = PBXBuildFile; fileRef = 65CD16A0230F8BA00052CB3F /* UIDevice+GSLAddition.m */; };
		65CD16C7230F8BA10052CB3F /* NSMutableDictionary+GSLAddition.h in Headers */ = {isa = PBXBuildFile; fileRef = 65CD16A1230F8BA00052CB3F /* NSMutableDictionary+GSLAddition.h */; settings = {ATTRIBUTES = (Public, ); }; };
		65CD16C8230F8BA10052CB3F /* UIWindow+GSLAddition.m in Sources */ = {isa = PBXBuildFile; fileRef = 65CD16A2230F8BA00052CB3F /* UIWindow+GSLAddition.m */; };
		65CD16C9230F8BA10052CB3F /* NSArray+GSLAddition.m in Sources */ = {isa = PBXBuildFile; fileRef = 65CD16A3230F8BA00052CB3F /* NSArray+GSLAddition.m */; };
		65CD16CA230F8BA10052CB3F /* NSString+GSLAddition.m in Sources */ = {isa = PBXBuildFile; fileRef = 65CD16A4230F8BA00052CB3F /* NSString+GSLAddition.m */; };
		65CD16CB230F8BA10052CB3F /* NSMutableArray+GSLAddition.m in Sources */ = {isa = PBXBuildFile; fileRef = 65CD16A5230F8BA00052CB3F /* NSMutableArray+GSLAddition.m */; };
		65CD16CC230F8BA10052CB3F /* NSNull+GSLAddition.m in Sources */ = {isa = PBXBuildFile; fileRef = 65CD16A6230F8BA00052CB3F /* NSNull+GSLAddition.m */; };
		65CD16CD230F8BA10052CB3F /* NSData+GSLAddition.m in Sources */ = {isa = PBXBuildFile; fileRef = 65CD16A7230F8BA00052CB3F /* NSData+GSLAddition.m */; };
		65CD16CE230F8BA10052CB3F /* NSDate+GSLAddition.h in Headers */ = {isa = PBXBuildFile; fileRef = 65CD16A8230F8BA00052CB3F /* NSDate+GSLAddition.h */; settings = {ATTRIBUTES = (Public, ); }; };
		65CD16CF230F8BA10052CB3F /* NSMutableDictionary+GSLAddition.m in Sources */ = {isa = PBXBuildFile; fileRef = 65CD16A9230F8BA00052CB3F /* NSMutableDictionary+GSLAddition.m */; };
		65CD16D0230F8BA10052CB3F /* UIDevice+GSLAddition.h in Headers */ = {isa = PBXBuildFile; fileRef = 65CD16AA230F8BA00052CB3F /* UIDevice+GSLAddition.h */; settings = {ATTRIBUTES = (Public, ); }; };
		65CD16D1230F8BA10052CB3F /* NSArray+GSLAddition.h in Headers */ = {isa = PBXBuildFile; fileRef = 65CD16AB230F8BA10052CB3F /* NSArray+GSLAddition.h */; settings = {ATTRIBUTES = (Public, ); }; };
		65CD16D2230F8BA10052CB3F /* UIWindow+GSLAddition.h in Headers */ = {isa = PBXBuildFile; fileRef = 65CD16AC230F8BA10052CB3F /* UIWindow+GSLAddition.h */; settings = {ATTRIBUTES = (Public, ); }; };
		65CD16D3230F8BA10052CB3F /* NSNull+GSLAddition.h in Headers */ = {isa = PBXBuildFile; fileRef = 65CD16AD230F8BA10052CB3F /* NSNull+GSLAddition.h */; settings = {ATTRIBUTES = (Public, ); }; };
		65CD16D4230F8BA10052CB3F /* NSMutableArray+GSLAddition.h in Headers */ = {isa = PBXBuildFile; fileRef = 65CD16AE230F8BA10052CB3F /* NSMutableArray+GSLAddition.h */; settings = {ATTRIBUTES = (Public, ); }; };
		65CD16D5230F8BA10052CB3F /* NSString+GSLAddition.h in Headers */ = {isa = PBXBuildFile; fileRef = 65CD16AF230F8BA10052CB3F /* NSString+GSLAddition.h */; settings = {ATTRIBUTES = (Public, ); }; };
		65CD16D6230F8BA10052CB3F /* NSDate+GSLAddition.m in Sources */ = {isa = PBXBuildFile; fileRef = 65CD16B0230F8BA10052CB3F /* NSDate+GSLAddition.m */; };
		65CD16D7230F8BA10052CB3F /* NSData+GSLAddition.h in Headers */ = {isa = PBXBuildFile; fileRef = 65CD16B1230F8BA10052CB3F /* NSData+GSLAddition.h */; settings = {ATTRIBUTES = (Public, ); }; };
		65CD16D9230F8BA10052CB3F /* GSLReachabilityManager.m in Sources */ = {isa = PBXBuildFile; fileRef = 65CD16B3230F8BA10052CB3F /* GSLReachabilityManager.m */; };
		65CD16DA230F8BA10052CB3F /* GSLUtilities.h in Headers */ = {isa = PBXBuildFile; fileRef = 65CD16B4230F8BA10052CB3F /* GSLUtilities.h */; settings = {ATTRIBUTES = (Public, ); }; };
		65CD16DB230F8BA10052CB3F /* GSLFileManager.h in Headers */ = {isa = PBXBuildFile; fileRef = 65CD16B5230F8BA10052CB3F /* GSLFileManager.h */; settings = {ATTRIBUTES = (Public, ); }; };
		65CD16E0230F8BA10052CB3F /* GSLJSON.h in Headers */ = {isa = PBXBuildFile; fileRef = 65CD16BB230F8BA10052CB3F /* GSLJSON.h */; settings = {ATTRIBUTES = (Public, ); }; };
		65CD16E1230F8BA10052CB3F /* GSLReachabilityManager.h in Headers */ = {isa = PBXBuildFile; fileRef = 65CD16BC230F8BA10052CB3F /* GSLReachabilityManager.h */; settings = {ATTRIBUTES = (Public, ); }; };
		65CD16E2230F8BA10052CB3F /* GSLUtilities.m in Sources */ = {isa = PBXBuildFile; fileRef = 65CD16BD230F8BA10052CB3F /* GSLUtilities.m */; };
		65CD16E4230F8BA10052CB3F /* GSLFileManager.m in Sources */ = {isa = PBXBuildFile; fileRef = 65CD16BF230F8BA10052CB3F /* GSLFileManager.m */; };
/* End PBXBuildFile section */

/* Begin PBXContainerItemProxy section */
		65CD168E230F8B450052CB3F /* PBXContainerItemProxy */ = {
			isa = PBXContainerItemProxy;
			containerPortal = 65CD167A230F8B450052CB3F /* Project object */;
			proxyType = 1;
			remoteGlobalIDString = 65CD1682230F8B450052CB3F;
			remoteInfo = GSLKit;
		};
/* End PBXContainerItemProxy section */

/* Begin PBXFileReference section */
		65CD1683230F8B450052CB3F /* GSLKit.framework */ = {isa = PBXFileReference; explicitFileType = wrapper.framework; includeInIndex = 0; path = GSLKit.framework; sourceTree = BUILT_PRODUCTS_DIR; };
		65CD1686230F8B450052CB3F /* GSLKit.h */ = {isa = PBXFileReference; lastKnownFileType = sourcecode.c.h; path = GSLKit.h; sourceTree = "<group>"; };
		65CD1687230F8B450052CB3F /* Info.plist */ = {isa = PBXFileReference; lastKnownFileType = text.plist.xml; path = Info.plist; sourceTree = "<group>"; };
		65CD168C230F8B450052CB3F /* GSLKitTests.xctest */ = {isa = PBXFileReference; explicitFileType = wrapper.cfbundle; includeInIndex = 0; path = GSLKitTests.xctest; sourceTree = BUILT_PRODUCTS_DIR; };
		65CD1691230F8B450052CB3F /* GSLKitTests.m */ = {isa = PBXFileReference; lastKnownFileType = sourcecode.c.objc; path = GSLKitTests.m; sourceTree = "<group>"; };
		65CD1693230F8B450052CB3F /* Info.plist */ = {isa = PBXFileReference; lastKnownFileType = text.plist.xml; path = Info.plist; sourceTree = "<group>"; };
		65CD169E230F8BA00052CB3F /* GSLJSON.m */ = {isa = PBXFileReference; fileEncoding = 4; lastKnownFileType = sourcecode.c.objc; path = GSLJSON.m; sourceTree = "<group>"; };
		65CD16A0230F8BA00052CB3F /* UIDevice+GSLAddition.m */ = {isa = PBXFileReference; fileEncoding = 4; lastKnownFileType = sourcecode.c.objc; path = "UIDevice+GSLAddition.m"; sourceTree = "<group>"; };
		65CD16A1230F8BA00052CB3F /* NSMutableDictionary+GSLAddition.h */ = {isa = PBXFileReference; fileEncoding = 4; lastKnownFileType = sourcecode.c.h; path = "NSMutableDictionary+GSLAddition.h"; sourceTree = "<group>"; };
		65CD16A2230F8BA00052CB3F /* UIWindow+GSLAddition.m */ = {isa = PBXFileReference; fileEncoding = 4; lastKnownFileType = sourcecode.c.objc; path = "UIWindow+GSLAddition.m"; sourceTree = "<group>"; };
		65CD16A3230F8BA00052CB3F /* NSArray+GSLAddition.m */ = {isa = PBXFileReference; fileEncoding = 4; lastKnownFileType = sourcecode.c.objc; path = "NSArray+GSLAddition.m"; sourceTree = "<group>"; };
		65CD16A4230F8BA00052CB3F /* NSString+GSLAddition.m */ = {isa = PBXFileReference; fileEncoding = 4; lastKnownFileType = sourcecode.c.objc; path = "NSString+GSLAddition.m"; sourceTree = "<group>"; };
		65CD16A5230F8BA00052CB3F /* NSMutableArray+GSLAddition.m */ = {isa = PBXFileReference; fileEncoding = 4; lastKnownFileType = sourcecode.c.objc; path = "NSMutableArray+GSLAddition.m"; sourceTree = "<group>"; };
		65CD16A6230F8BA00052CB3F /* NSNull+GSLAddition.m */ = {isa = PBXFileReference; fileEncoding = 4; lastKnownFileType = sourcecode.c.objc; path = "NSNull+GSLAddition.m"; sourceTree = "<group>"; };
		65CD16A7230F8BA00052CB3F /* NSData+GSLAddition.m */ = {isa = PBXFileReference; fileEncoding = 4; lastKnownFileType = sourcecode.c.objc; path = "NSData+GSLAddition.m"; sourceTree = "<group>"; };
		65CD16A8230F8BA00052CB3F /* NSDate+GSLAddition.h */ = {isa = PBXFileReference; fileEncoding = 4; lastKnownFileType = sourcecode.c.h; path = "NSDate+GSLAddition.h"; sourceTree = "<group>"; };
		65CD16A9230F8BA00052CB3F /* NSMutableDictionary+GSLAddition.m */ = {isa = PBXFileReference; fileEncoding = 4; lastKnownFileType = sourcecode.c.objc; path = "NSMutableDictionary+GSLAddition.m"; sourceTree = "<group>"; };
		65CD16AA230F8BA00052CB3F /* UIDevice+GSLAddition.h */ = {isa = PBXFileReference; fileEncoding = 4; lastKnownFileType = sourcecode.c.h; path = "UIDevice+GSLAddition.h"; sourceTree = "<group>"; };
		65CD16AB230F8BA10052CB3F /* NSArray+GSLAddition.h */ = {isa = PBXFileReference; fileEncoding = 4; lastKnownFileType = sourcecode.c.h; path = "NSArray+GSLAddition.h"; sourceTree = "<group>"; };
		65CD16AC230F8BA10052CB3F /* UIWindow+GSLAddition.h */ = {isa = PBXFileReference; fileEncoding = 4; lastKnownFileType = sourcecode.c.h; path = "UIWindow+GSLAddition.h"; sourceTree = "<group>"; };
		65CD16AD230F8BA10052CB3F /* NSNull+GSLAddition.h */ = {isa = PBXFileReference; fileEncoding = 4; lastKnownFileType = sourcecode.c.h; path = "NSNull+GSLAddition.h"; sourceTree = "<group>"; };
		65CD16AE230F8BA10052CB3F /* NSMutableArray+GSLAddition.h */ = {isa = PBXFileReference; fileEncoding = 4; lastKnownFileType = sourcecode.c.h; path = "NSMutableArray+GSLAddition.h"; sourceTree = "<group>"; };
		65CD16AF230F8BA10052CB3F /* NSString+GSLAddition.h */ = {isa = PBXFileReference; fileEncoding = 4; lastKnownFileType = sourcecode.c.h; path = "NSString+GSLAddition.h"; sourceTree = "<group>"; };
		65CD16B0230F8BA10052CB3F /* NSDate+GSLAddition.m */ = {isa = PBXFileReference; fileEncoding = 4; lastKnownFileType = sourcecode.c.objc; path = "NSDate+GSLAddition.m"; sourceTree = "<group>"; };
		65CD16B1230F8BA10052CB3F /* NSData+GSLAddition.h */ = {isa = PBXFileReference; fileEncoding = 4; lastKnownFileType = sourcecode.c.h; path = "NSData+GSLAddition.h"; sourceTree = "<group>"; };
		65CD16B3230F8BA10052CB3F /* GSLReachabilityManager.m */ = {isa = PBXFileReference; fileEncoding = 4; lastKnownFileType = sourcecode.c.objc; path = GSLReachabilityManager.m; sourceTree = "<group>"; };
		65CD16B4230F8BA10052CB3F /* GSLUtilities.h */ = {isa = PBXFileReference; fileEncoding = 4; lastKnownFileType = sourcecode.c.h; path = GSLUtilities.h; sourceTree = "<group>"; };
		65CD16B5230F8BA10052CB3F /* GSLFileManager.h */ = {isa = PBXFileReference; fileEncoding = 4; lastKnownFileType = sourcecode.c.h; path = GSLFileManager.h; sourceTree = "<group>"; };
		65CD16BB230F8BA10052CB3F /* GSLJSON.h */ = {isa = PBXFileReference; fileEncoding = 4; lastKnownFileType = sourcecode.c.h; path = GSLJSON.h; sourceTree = "<group>"; };
		65CD16BC230F8BA10052CB3F /* GSLReachabilityManager.h */ = {isa = PBXFileReference; fileEncoding = 4; lastKnownFileType = sourcecode.c.h; path = GSLReachabilityManager.h; sourceTree = "<group>"; };
		65CD16BD230F8BA10052CB3F /* GSLUtilities.m */ = {isa = PBXFileReference; fileEncoding = 4; lastKnownFileType = sourcecode.c.objc; path = GSLUtilities.m; sourceTree = "<group>"; };
		65CD16BF230F8BA10052CB3F /* GSLFileManager.m */ = {isa = PBXFileReference; fileEncoding = 4; lastKnownFileType = sourcecode.c.objc; path = GSLFileManager.m; sourceTree = "<group>"; };
/* End PBXFileReference section */

/* Begin PBXFrameworksBuildPhase section */
		65CD1680230F8B450052CB3F /* Frameworks */ = {
			isa = PBXFrameworksBuildPhase;
			buildActionMask = 2147483647;
			files = (
			);
			runOnlyForDeploymentPostprocessing = 0;
		};
		65CD1689230F8B450052CB3F /* Frameworks */ = {
			isa = PBXFrameworksBuildPhase;
			buildActionMask = 2147483647;
			files = (
				65CD168D230F8B450052CB3F /* GSLKit.framework in Frameworks */,
			);
			runOnlyForDeploymentPostprocessing = 0;
		};
/* End PBXFrameworksBuildPhase section */

/* Begin PBXGroup section */
		65CD1679230F8B450052CB3F = {
			isa = PBXGroup;
			children = (
				65CD1685230F8B450052CB3F /* GSLKit */,
				65CD1690230F8B450052CB3F /* GSLKitTests */,
				65CD1684230F8B450052CB3F /* Products */,
			);
			sourceTree = "<group>";
		};
		65CD1684230F8B450052CB3F /* Products */ = {
			isa = PBXGroup;
			children = (
				65CD1683230F8B450052CB3F /* GSLKit.framework */,
				65CD168C230F8B450052CB3F /* GSLKitTests.xctest */,
			);
			name = Products;
			sourceTree = "<group>";
		};
		65CD1685230F8B450052CB3F /* GSLKit */ = {
			isa = PBXGroup;
			children = (
				65CD169D230F8BA00052CB3F /* Foundation */,
				65CD1686230F8B450052CB3F /* GSLKit.h */,
				65CD1687230F8B450052CB3F /* Info.plist */,
			);
			path = GSLKit;
			sourceTree = "<group>";
		};
		65CD1690230F8B450052CB3F /* GSLKitTests */ = {
			isa = PBXGroup;
			children = (
				65CD1691230F8B450052CB3F /* GSLKitTests.m */,
				65CD1693230F8B450052CB3F /* Info.plist */,
			);
			path = GSLKitTests;
			sourceTree = "<group>";
		};
		65CD169D230F8BA00052CB3F /* Foundation */ = {
			isa = PBXGroup;
			children = (
				65CD16B4230F8BA10052CB3F /* GSLUtilities.h */,
				65CD16BD230F8BA10052CB3F /* GSLUtilities.m */,
				65CD16BB230F8BA10052CB3F /* GSLJSON.h */,
				65CD169E230F8BA00052CB3F /* GSLJSON.m */,
				65CD16B5230F8BA10052CB3F /* GSLFileManager.h */,
				65CD16BF230F8BA10052CB3F /* GSLFileManager.m */,
				65CD16BC230F8BA10052CB3F /* GSLReachabilityManager.h */,
				65CD16B3230F8BA10052CB3F /* GSLReachabilityManager.m */,
				65CD169F230F8BA00052CB3F /* Additions */,
				65CD16B6230F8BA10052CB3F /* Base */,
			);
			path = Foundation;
			sourceTree = "<group>";
		};
		65CD169F230F8BA00052CB3F /* Additions */ = {
			isa = PBXGroup;
			children = (
				65CD16A1230F8BA00052CB3F /* NSMutableDictionary+GSLAddition.h */,
				65CD16A9230F8BA00052CB3F /* NSMutableDictionary+GSLAddition.m */,
				65CD16AC230F8BA10052CB3F /* UIWindow+GSLAddition.h */,
				65CD16A2230F8BA00052CB3F /* UIWindow+GSLAddition.m */,
				65CD16AB230F8BA10052CB3F /* NSArray+GSLAddition.h */,
				65CD16A3230F8BA00052CB3F /* NSArray+GSLAddition.m */,
				65CD16AF230F8BA10052CB3F /* NSString+GSLAddition.h */,
				65CD16A4230F8BA00052CB3F /* NSString+GSLAddition.m */,
				65CD16AE230F8BA10052CB3F /* NSMutableArray+GSLAddition.h */,
				65CD16A5230F8BA00052CB3F /* NSMutableArray+GSLAddition.m */,
				65CD16AD230F8BA10052CB3F /* NSNull+GSLAddition.h */,
				65CD16A6230F8BA00052CB3F /* NSNull+GSLAddition.m */,
				65CD16A8230F8BA00052CB3F /* NSDate+GSLAddition.h */,
				65CD16A7230F8BA00052CB3F /* NSData+GSLAddition.m */,
				65CD16AA230F8BA00052CB3F /* UIDevice+GSLAddition.h */,
				65CD16A0230F8BA00052CB3F /* UIDevice+GSLAddition.m */,
				65CD16B1230F8BA10052CB3F /* NSData+GSLAddition.h */,
				65CD16B0230F8BA10052CB3F /* NSDate+GSLAddition.m */,
			);
			path = Additions;
			sourceTree = "<group>";
		};
		65CD16B6230F8BA10052CB3F /* Base */ = {
			isa = PBXGroup;
			children = (
			);
			path = Base;
			sourceTree = "<group>";
		};
/* End PBXGroup section */

/* Begin PBXHeadersBuildPhase section */
		65CD167E230F8B450052CB3F /* Headers */ = {
			isa = PBXHeadersBuildPhase;
			buildActionMask = 2147483647;
			files = (
				65CD1694230F8B450052CB3F /* GSLKit.h in Headers */,
				65CD16DA230F8BA10052CB3F /* GSLUtilities.h in Headers */,
				65CD16D2230F8BA10052CB3F /* UIWindow+GSLAddition.h in Headers */,
				65CD16D5230F8BA10052CB3F /* NSString+GSLAddition.h in Headers */,
				65CD16D1230F8BA10052CB3F /* NSArray+GSLAddition.h in Headers */,
				65CD16D0230F8BA10052CB3F /* UIDevice+GSLAddition.h in Headers */,
				65CD16C7230F8BA10052CB3F /* NSMutableDictionary+GSLAddition.h in Headers */,
				65CD16D3230F8BA10052CB3F /* NSNull+GSLAddition.h in Headers */,
				65CD16CE230F8BA10052CB3F /* NSDate+GSLAddition.h in Headers */,
				65CD16DB230F8BA10052CB3F /* GSLFileManager.h in Headers */,
				65CD16E1230F8BA10052CB3F /* GSLReachabilityManager.h in Headers */,
				65CD16E0230F8BA10052CB3F /* GSLJSON.h in Headers */,
				65CD16D7230F8BA10052CB3F /* NSData+GSLAddition.h in Headers */,
				65CD16D4230F8BA10052CB3F /* NSMutableArray+GSLAddition.h in Headers */,
			);
			runOnlyForDeploymentPostprocessing = 0;
		};
/* End PBXHeadersBuildPhase section */

/* Begin PBXNativeTarget section */
		65CD1682230F8B450052CB3F /* GSLKit */ = {
			isa = PBXNativeTarget;
			buildConfigurationList = 65CD1697230F8B450052CB3F /* Build configuration list for PBXNativeTarget "GSLKit" */;
			buildPhases = (
				65CD167E230F8B450052CB3F /* Headers */,
				65CD167F230F8B450052CB3F /* Sources */,
				65CD1680230F8B450052CB3F /* Frameworks */,
				65CD1681230F8B450052CB3F /* Resources */,
			);
			buildRules = (
			);
			dependencies = (
			);
			name = GSLKit;
			productName = GSLKit;
			productReference = 65CD1683230F8B450052CB3F /* GSLKit.framework */;
			productType = "com.apple.product-type.framework";
		};
		65CD168B230F8B450052CB3F /* GSLKitTests */ = {
			isa = PBXNativeTarget;
			buildConfigurationList = 65CD169A230F8B450052CB3F /* Build configuration list for PBXNativeTarget "GSLKitTests" */;
			buildPhases = (
				65CD1688230F8B450052CB3F /* Sources */,
				65CD1689230F8B450052CB3F /* Frameworks */,
				65CD168A230F8B450052CB3F /* Resources */,
			);
			buildRules = (
			);
			dependencies = (
				65CD168F230F8B450052CB3F /* PBXTargetDependency */,
			);
			name = GSLKitTests;
			productName = GSLKitTests;
			productReference = 65CD168C230F8B450052CB3F /* GSLKitTests.xctest */;
			productType = "com.apple.product-type.bundle.unit-test";
		};
/* End PBXNativeTarget section */

/* Begin PBXProject section */
		65CD167A230F8B450052CB3F /* Project object */ = {
			isa = PBXProject;
			attributes = {
				LastUpgradeCheck = 1100;
				ORGANIZATIONNAME = wangtong;
				TargetAttributes = {
					65CD1682230F8B450052CB3F = {
						CreatedOnToolsVersion = 11.0;
					};
					65CD168B230F8B450052CB3F = {
						CreatedOnToolsVersion = 11.0;
					};
				};
			};
			buildConfigurationList = 65CD167D230F8B450052CB3F /* Build configuration list for PBXProject "GSLKit" */;
			compatibilityVersion = "Xcode 9.3";
			developmentRegion = en;
			hasScannedForEncodings = 0;
			knownRegions = (
				en,
				Base,
			);
			mainGroup = 65CD1679230F8B450052CB3F;
			productRefGroup = 65CD1684230F8B450052CB3F /* Products */;
			projectDirPath = "";
			projectRoot = "";
			targets = (
				65CD1682230F8B450052CB3F /* GSLKit */,
				65CD168B230F8B450052CB3F /* GSLKitTests */,
			);
		};
/* End PBXProject section */

/* Begin PBXResourcesBuildPhase section */
		65CD1681230F8B450052CB3F /* Resources */ = {
			isa = PBXResourcesBuildPhase;
			buildActionMask = 2147483647;
			files = (
			);
			runOnlyForDeploymentPostprocessing = 0;
		};
		65CD168A230F8B450052CB3F /* Resources */ = {
			isa = PBXResourcesBuildPhase;
			buildActionMask = 2147483647;
			files = (
			);
			runOnlyForDeploymentPostprocessing = 0;
		};
/* End PBXResourcesBuildPhase section */

/* Begin PBXSourcesBuildPhase section */
		65CD167F230F8B450052CB3F /* Sources */ = {
			isa = PBXSourcesBuildPhase;
			buildActionMask = 2147483647;
			files = (
				65CD16CB230F8BA10052CB3F /* NSMutableArray+GSLAddition.m in Sources */,
				65CD16D9230F8BA10052CB3F /* GSLReachabilityManager.m in Sources */,
				65CD16C6230F8BA10052CB3F /* UIDevice+GSLAddition.m in Sources */,
				65CD16C5230F8BA10052CB3F /* GSLJSON.m in Sources */,
				65CD16C8230F8BA10052CB3F /* UIWindow+GSLAddition.m in Sources */,
				65CD16CF230F8BA10052CB3F /* NSMutableDictionary+GSLAddition.m in Sources */,
				65CD16E2230F8BA10052CB3F /* GSLUtilities.m in Sources */,
				65CD16D6230F8BA10052CB3F /* NSDate+GSLAddition.m in Sources */,
				65CD16E4230F8BA10052CB3F /* GSLFileManager.m in Sources */,
				65CD16C9230F8BA10052CB3F /* NSArray+GSLAddition.m in Sources */,
				65CD16CD230F8BA10052CB3F /* NSData+GSLAddition.m in Sources */,
				65CD16CA230F8BA10052CB3F /* NSString+GSLAddition.m in Sources */,
				65CD16CC230F8BA10052CB3F /* NSNull+GSLAddition.m in Sources */,
			);
			runOnlyForDeploymentPostprocessing = 0;
		};
		65CD1688230F8B450052CB3F /* Sources */ = {
			isa = PBXSourcesBuildPhase;
			buildActionMask = 2147483647;
			files = (
				65CD1692230F8B450052CB3F /* GSLKitTests.m in Sources */,
			);
			runOnlyForDeploymentPostprocessing = 0;
		};
/* End PBXSourcesBuildPhase section */

/* Begin PBXTargetDependency section */
		65CD168F230F8B450052CB3F /* PBXTargetDependency */ = {
			isa = PBXTargetDependency;
			target = 65CD1682230F8B450052CB3F /* GSLKit */;
			targetProxy = 65CD168E230F8B450052CB3F /* PBXContainerItemProxy */;
		};
/* End PBXTargetDependency section */

/* Begin XCBuildConfiguration section */
		65CD1695230F8B450052CB3F /* Debug */ = {
			isa = XCBuildConfiguration;
			buildSettings = {
				ALWAYS_SEARCH_USER_PATHS = NO;
				CLANG_ANALYZER_NONNULL = YES;
				CLANG_ANALYZER_NUMBER_OBJECT_CONVERSION = YES_AGGRESSIVE;
				CLANG_CXX_LANGUAGE_STANDARD = "gnu++14";
				CLANG_CXX_LIBRARY = "libc++";
				CLANG_ENABLE_MODULES = YES;
				CLANG_ENABLE_OBJC_ARC = YES;
				CLANG_ENABLE_OBJC_WEAK = YES;
				CLANG_WARN_BLOCK_CAPTURE_AUTORELEASING = YES;
				CLANG_WARN_BOOL_CONVERSION = YES;
				CLANG_WARN_COMMA = YES;
				CLANG_WARN_CONSTANT_CONVERSION = YES;
				CLANG_WARN_DEPRECATED_OBJC_IMPLEMENTATIONS = YES;
				CLANG_WARN_DIRECT_OBJC_ISA_USAGE = YES_ERROR;
				CLANG_WARN_DOCUMENTATION_COMMENTS = YES;
				CLANG_WARN_EMPTY_BODY = YES;
				CLANG_WARN_ENUM_CONVERSION = YES;
				CLANG_WARN_INFINITE_RECURSION = YES;
				CLANG_WARN_INT_CONVERSION = YES;
				CLANG_WARN_NON_LITERAL_NULL_CONVERSION = YES;
				CLANG_WARN_OBJC_IMPLICIT_RETAIN_SELF = YES;
				CLANG_WARN_OBJC_LITERAL_CONVERSION = YES;
				CLANG_WARN_OBJC_ROOT_CLASS = YES_ERROR;
				CLANG_WARN_RANGE_LOOP_ANALYSIS = YES;
				CLANG_WARN_STRICT_PROTOTYPES = YES;
				CLANG_WARN_SUSPICIOUS_MOVE = YES;
				CLANG_WARN_UNGUARDED_AVAILABILITY = YES_AGGRESSIVE;
				CLANG_WARN_UNREACHABLE_CODE = YES;
				CLANG_WARN__DUPLICATE_METHOD_MATCH = YES;
				COPY_PHASE_STRIP = NO;
				CURRENT_PROJECT_VERSION = 1;
				DEBUG_INFORMATION_FORMAT = dwarf;
				ENABLE_STRICT_OBJC_MSGSEND = YES;
				ENABLE_TESTABILITY = YES;
				GCC_C_LANGUAGE_STANDARD = gnu11;
				GCC_DYNAMIC_NO_PIC = NO;
				GCC_NO_COMMON_BLOCKS = YES;
				GCC_OPTIMIZATION_LEVEL = 0;
				GCC_PREPROCESSOR_DEFINITIONS = (
					"DEBUG=1",
					"$(inherited)",
				);
				GCC_WARN_64_TO_32_BIT_CONVERSION = YES;
				GCC_WARN_ABOUT_RETURN_TYPE = YES_ERROR;
				GCC_WARN_UNDECLARED_SELECTOR = YES;
				GCC_WARN_UNINITIALIZED_AUTOS = YES_AGGRESSIVE;
				GCC_WARN_UNUSED_FUNCTION = YES;
				GCC_WARN_UNUSED_VARIABLE = YES;
				IPHONEOS_DEPLOYMENT_TARGET = 8.0;
				MTL_ENABLE_DEBUG_INFO = INCLUDE_SOURCE;
				MTL_FAST_MATH = YES;
				ONLY_ACTIVE_ARCH = YES;
				SDKROOT = iphoneos;
				VERSIONING_SYSTEM = "apple-generic";
				VERSION_INFO_PREFIX = "";
			};
			name = Debug;
		};
		65CD1696230F8B450052CB3F /* Release */ = {
			isa = XCBuildConfiguration;
			buildSettings = {
				ALWAYS_SEARCH_USER_PATHS = NO;
				CLANG_ANALYZER_NONNULL = YES;
				CLANG_ANALYZER_NUMBER_OBJECT_CONVERSION = YES_AGGRESSIVE;
				CLANG_CXX_LANGUAGE_STANDARD = "gnu++14";
				CLANG_CXX_LIBRARY = "libc++";
				CLANG_ENABLE_MODULES = YES;
				CLANG_ENABLE_OBJC_ARC = YES;
				CLANG_ENABLE_OBJC_WEAK = YES;
				CLANG_WARN_BLOCK_CAPTURE_AUTORELEASING = YES;
				CLANG_WARN_BOOL_CONVERSION = YES;
				CLANG_WARN_COMMA = YES;
				CLANG_WARN_CONSTANT_CONVERSION = YES;
				CLANG_WARN_DEPRECATED_OBJC_IMPLEMENTATIONS = YES;
				CLANG_WARN_DIRECT_OBJC_ISA_USAGE = YES_ERROR;
				CLANG_WARN_DOCUMENTATION_COMMENTS = YES;
				CLANG_WARN_EMPTY_BODY = YES;
				CLANG_WARN_ENUM_CONVERSION = YES;
				CLANG_WARN_INFINITE_RECURSION = YES;
				CLANG_WARN_INT_CONVERSION = YES;
				CLANG_WARN_NON_LITERAL_NULL_CONVERSION = YES;
				CLANG_WARN_OBJC_IMPLICIT_RETAIN_SELF = YES;
				CLANG_WARN_OBJC_LITERAL_CONVERSION = YES;
				CLANG_WARN_OBJC_ROOT_CLASS = YES_ERROR;
				CLANG_WARN_RANGE_LOOP_ANALYSIS = YES;
				CLANG_WARN_STRICT_PROTOTYPES = YES;
				CLANG_WARN_SUSPICIOUS_MOVE = YES;
				CLANG_WARN_UNGUARDED_AVAILABILITY = YES_AGGRESSIVE;
				CLANG_WARN_UNREACHABLE_CODE = YES;
				CLANG_WARN__DUPLICATE_METHOD_MATCH = YES;
				COPY_PHASE_STRIP = NO;
				CURRENT_PROJECT_VERSION = 1;
				DEBUG_INFORMATION_FORMAT = "dwarf-with-dsym";
				ENABLE_NS_ASSERTIONS = NO;
				ENABLE_STRICT_OBJC_MSGSEND = YES;
				GCC_C_LANGUAGE_STANDARD = gnu11;
				GCC_NO_COMMON_BLOCKS = YES;
				GCC_WARN_64_TO_32_BIT_CONVERSION = YES;
				GCC_WARN_ABOUT_RETURN_TYPE = YES_ERROR;
				GCC_WARN_UNDECLARED_SELECTOR = YES;
				GCC_WARN_UNINITIALIZED_AUTOS = YES_AGGRESSIVE;
				GCC_WARN_UNUSED_FUNCTION = YES;
				GCC_WARN_UNUSED_VARIABLE = YES;
				IPHONEOS_DEPLOYMENT_TARGET = 8.0;
				MTL_ENABLE_DEBUG_INFO = NO;
				MTL_FAST_MATH = YES;
				SDKROOT = iphoneos;
				VALIDATE_PRODUCT = YES;
				VERSIONING_SYSTEM = "apple-generic";
				VERSION_INFO_PREFIX = "";
			};
			name = Release;
		};
		65CD1698230F8B450052CB3F /* Debug */ = {
			isa = XCBuildConfiguration;
			buildSettings = {
				CODE_SIGN_STYLE = Automatic;
				DEFINES_MODULE = YES;
				DEVELOPMENT_TEAM = 9X9JMFHS2M;
				DYLIB_COMPATIBILITY_VERSION = 1;
				DYLIB_CURRENT_VERSION = 1;
				DYLIB_INSTALL_NAME_BASE = "@rpath";
				INFOPLIST_FILE = GSLKit/Info.plist;
				INSTALL_PATH = "$(LOCAL_LIBRARY_DIR)/Frameworks";
				LD_RUNPATH_SEARCH_PATHS = (
					"$(inherited)",
					"@executable_path/Frameworks",
					"@loader_path/Frameworks",
				);
				OTHER_CFLAGS = "-fembed-bitcode";
				OTHER_LDFLAGS = "-fembed-bitcode";
				PRODUCT_BUNDLE_IDENTIFIER = WT.GSLKit;
				PRODUCT_NAME = "$(TARGET_NAME:c99extidentifier)";
				SKIP_INSTALL = YES;
				TARGETED_DEVICE_FAMILY = "1,2";
			};
			name = Debug;
		};
		65CD1699230F8B450052CB3F /* Release */ = {
			isa = XCBuildConfiguration;
			buildSettings = {
				CODE_SIGN_STYLE = Automatic;
				DEFINES_MODULE = YES;
				DEVELOPMENT_TEAM = 9X9JMFHS2M;
				DYLIB_COMPATIBILITY_VERSION = 1;
				DYLIB_CURRENT_VERSION = 1;
				DYLIB_INSTALL_NAME_BASE = "@rpath";
				INFOPLIST_FILE = GSLKit/Info.plist;
				INSTALL_PATH = "$(LOCAL_LIBRARY_DIR)/Frameworks";
				LD_RUNPATH_SEARCH_PATHS = (
					"$(inherited)",
					"@executable_path/Frameworks",
					"@loader_path/Frameworks",
				);
				OTHER_CFLAGS = "-fembed-bitcode";
				OTHER_LDFLAGS = "-fembed-bitcode";
				PRODUCT_BUNDLE_IDENTIFIER = WT.GSLKit;
				PRODUCT_NAME = "$(TARGET_NAME:c99extidentifier)";
				SKIP_INSTALL = YES;
				TARGETED_DEVICE_FAMILY = "1,2";
			};
			name = Release;
		};
		65CD169B230F8B450052CB3F /* Debug */ = {
			isa = XCBuildConfiguration;
			buildSettings = {
				CODE_SIGN_STYLE = Automatic;
				DEVELOPMENT_TEAM = 9X9JMFHS2M;
				INFOPLIST_FILE = GSLKitTests/Info.plist;
				LD_RUNPATH_SEARCH_PATHS = (
					"$(inherited)",
					"@executable_path/Frameworks",
					"@loader_path/Frameworks",
				);
				PRODUCT_BUNDLE_IDENTIFIER = WT.GSLKitTests;
				PRODUCT_NAME = "$(TARGET_NAME)";
				TARGETED_DEVICE_FAMILY = "1,2";
			};
			name = Debug;
		};
		65CD169C230F8B450052CB3F /* Release */ = {
			isa = XCBuildConfiguration;
			buildSettings = {
				CODE_SIGN_STYLE = Automatic;
				DEVELOPMENT_TEAM = 9X9JMFHS2M;
				INFOPLIST_FILE = GSLKitTests/Info.plist;
				LD_RUNPATH_SEARCH_PATHS = (
					"$(inherited)",
					"@executable_path/Frameworks",
					"@loader_path/Frameworks",
				);
				PRODUCT_BUNDLE_IDENTIFIER = WT.GSLKitTests;
				PRODUCT_NAME = "$(TARGET_NAME)";
				TARGETED_DEVICE_FAMILY = "1,2";
			};
			name = Release;
		};
/* End XCBuildConfiguration section */

/* Begin XCConfigurationList section */
		65CD167D230F8B450052CB3F /* Build configuration list for PBXProject "GSLKit" */ = {
			isa = XCConfigurationList;
			buildConfigurations = (
				65CD1695230F8B450052CB3F /* Debug */,
				65CD1696230F8B450052CB3F /* Release */,
			);
			defaultConfigurationIsVisible = 0;
			defaultConfigurationName = Release;
		};
		65CD1697230F8B450052CB3F /* Build configuration list for PBXNativeTarget "GSLKit" */ = {
			isa = XCConfigurationList;
			buildConfigurations = (
				65CD1698230F8B450052CB3F /* Debug */,
				65CD1699230F8B450052CB3F /* Release */,
			);
			defaultConfigurationIsVisible = 0;
			defaultConfigurationName = Release;
		};
		65CD169A230F8B450052CB3F /* Build configuration list for PBXNativeTarget "GSLKitTests" */ = {
			isa = XCConfigurationList;
			buildConfigurations = (
				65CD169B230F8B450052CB3F /* Debug */,
				65CD169C230F8B450052CB3F /* Release */,
			);
			defaultConfigurationIsVisible = 0;
			defaultConfigurationName = Release;
		};
/* End XCConfigurationList section */
	};
	rootObject = 65CD167A230F8B450052CB3F /* Project object */;
}
