// !$*UTF8*$!
{
	archiveVersion = 1;
	classes = {
	};
	objectVersion = 50;
	objects = {

/* Begin PBXBuildFile section */
		6511C06C230FD714005FE836 /* AppDelegate.m in Sources */ = {isa = PBXBuildFile; fileRef = 6511C06B230FD714005FE836 /* AppDelegate.m */; };
		6511C072230FD714005FE836 /* ViewController.m in Sources */ = {isa = PBXBuildFile; fileRef = 6511C071230FD714005FE836 /* ViewController.m */; };
		6511C075230FD714005FE836 /* Main.storyboard in Resources */ = {isa = PBXBuildFile; fileRef = 6511C073230FD714005FE836 /* Main.storyboard */; };
		6511C077230FD720005FE836 /* Assets.xcassets in Resources */ = {isa = PBXBuildFile; fileRef = 6511C076230FD720005FE836 /* Assets.xcassets */; };
		6511C07A230FD720005FE836 /* LaunchScreen.storyboard in Resources */ = {isa = PBXBuildFile; fileRef = 6511C078230FD720005FE836 /* LaunchScreen.storyboard */; };
		6511C07D230FD720005FE836 /* main.m in Sources */ = {isa = PBXBuildFile; fileRef = 6511C07C230FD720005FE836 /* main.m */; };
		6511C087230FD720005FE836 /* GSLKitTests.m in Sources */ = {isa = PBXBuildFile; fileRef = 6511C086230FD720005FE836 /* GSLKitTests.m */; };
		6511C092230FD720005FE836 /* GSLKitUITests.m in Sources */ = {isa = PBXBuildFile; fileRef = 6511C091230FD720005FE836 /* GSLKitUITests.m */; };
		6511C0A1230FD7AB005FE836 /* GSLKit.framework in Frameworks */ = {isa = PBXBuildFile; fileRef = 6511C0A0230FD7AB005FE836 /* GSLKit.framework */; };
/* End PBXBuildFile section */

/* Begin PBXContainerItemProxy section */
		6511C083230FD720005FE836 /* PBXContainerItemProxy */ = {
			isa = PBXContainerItemProxy;
			containerPortal = 6511C05F230FD714005FE836 /* Project object */;
			proxyType = 1;
			remoteGlobalIDString = 6511C066230FD714005FE836;
			remoteInfo = GSLKit;
		};
		6511C08E230FD720005FE836 /* PBXContainerItemProxy */ = {
			isa = PBXContainerItemProxy;
			containerPortal = 6511C05F230FD714005FE836 /* Project object */;
			proxyType = 1;
			remoteGlobalIDString = 6511C066230FD714005FE836;
			remoteInfo = GSLKit;
		};
/* End PBXContainerItemProxy section */

/* Begin PBXFileReference section */
		6511C067230FD714005FE836 /* GSLKit.app */ = {isa = PBXFileReference; explicitFileType = wrapper.application; includeInIndex = 0; path = GSLKit.app; sourceTree = BUILT_PRODUCTS_DIR; };
		6511C06A230FD714005FE836 /* AppDelegate.h */ = {isa = PBXFileReference; lastKnownFileType = sourcecode.c.h; path = AppDelegate.h; sourceTree = "<group>"; };
		6511C06B230FD714005FE836 /* AppDelegate.m */ = {isa = PBXFileReference; lastKnownFileType = sourcecode.c.objc; path = AppDelegate.m; sourceTree = "<group>"; };
		6511C070230FD714005FE836 /* ViewController.h */ = {isa = PBXFileReference; lastKnownFileType = sourcecode.c.h; path = ViewController.h; sourceTree = "<group>"; };
		6511C071230FD714005FE836 /* ViewController.m */ = {isa = PBXFileReference; lastKnownFileType = sourcecode.c.objc; path = ViewController.m; sourceTree = "<group>"; };
		6511C074230FD714005FE836 /* Base */ = {isa = PBXFileReference; lastKnownFileType = file.storyboard; name = Base; path = Base.lproj/Main.storyboard; sourceTree = "<group>"; };
		6511C076230FD720005FE836 /* Assets.xcassets */ = {isa = PBXFileReference; lastKnownFileType = folder.assetcatalog; path = Assets.xcassets; sourceTree = "<group>"; };
		6511C079230FD720005FE836 /* Base */ = {isa = PBXFileReference; lastKnownFileType = file.storyboard; name = Base; path = Base.lproj/LaunchScreen.storyboard; sourceTree = "<group>"; };
		6511C07B230FD720005FE836 /* Info.plist */ = {isa = PBXFileReference; lastKnownFileType = text.plist.xml; path = Info.plist; sourceTree = "<group>"; };
		6511C07C230FD720005FE836 /* main.m */ = {isa = PBXFileReference; lastKnownFileType = sourcecode.c.objc; path = main.m; sourceTree = "<group>"; };
		6511C082230FD720005FE836 /* GSLKitTests.xctest */ = {isa = PBXFileReference; explicitFileType = wrapper.cfbundle; includeInIndex = 0; path = GSLKitTests.xctest; sourceTree = BUILT_PRODUCTS_DIR; };
		6511C086230FD720005FE836 /* GSLKitTests.m */ = {isa = PBXFileReference; lastKnownFileType = sourcecode.c.objc; path = GSLKitTests.m; sourceTree = "<group>"; };
		6511C088230FD720005FE836 /* Info.plist */ = {isa = PBXFileReference; lastKnownFileType = text.plist.xml; path = Info.plist; sourceTree = "<group>"; };
		6511C08D230FD720005FE836 /* GSLKitUITests.xctest */ = {isa = PBXFileReference; explicitFileType = wrapper.cfbundle; includeInIndex = 0; path = GSLKitUITests.xctest; sourceTree = BUILT_PRODUCTS_DIR; };
		6511C091230FD720005FE836 /* GSLKitUITests.m */ = {isa = PBXFileReference; lastKnownFileType = sourcecode.c.objc; path = GSLKitUITests.m; sourceTree = "<group>"; };
		6511C093230FD720005FE836 /* Info.plist */ = {isa = PBXFileReference; lastKnownFileType = text.plist.xml; path = Info.plist; sourceTree = "<group>"; };
		6511C0A0230FD7AB005FE836 /* GSLKit.framework */ = {isa = PBXFileReference; lastKnownFileType = wrapper.framework; path = GSLKit.framework; sourceTree = "<group>"; };
/* End PBXFileReference section */

/* Begin PBXFrameworksBuildPhase section */
		6511C064230FD714005FE836 /* Frameworks */ = {
			isa = PBXFrameworksBuildPhase;
			buildActionMask = 2147483647;
			files = (
				6511C0A1230FD7AB005FE836 /* GSLKit.framework in Frameworks */,
			);
			runOnlyForDeploymentPostprocessing = 0;
		};
		6511C07F230FD720005FE836 /* Frameworks */ = {
			isa = PBXFrameworksBuildPhase;
			buildActionMask = 2147483647;
			files = (
			);
			runOnlyForDeploymentPostprocessing = 0;
		};
		6511C08A230FD720005FE836 /* Frameworks */ = {
			isa = PBXFrameworksBuildPhase;
			buildActionMask = 2147483647;
			files = (
			);
			runOnlyForDeploymentPostprocessing = 0;
		};
/* End PBXFrameworksBuildPhase section */

/* Begin PBXGroup section */
		6511C05E230FD714005FE836 = {
			isa = PBXGroup;
			children = (
				6511C069230FD714005FE836 /* GSLKit */,
				6511C085230FD720005FE836 /* GSLKitTests */,
				6511C090230FD720005FE836 /* GSLKitUITests */,
				6511C068230FD714005FE836 /* Products */,
				6511C09F230FD7AB005FE836 /* Frameworks */,
			);
			sourceTree = "<group>";
		};
		6511C068230FD714005FE836 /* Products */ = {
			isa = PBXGroup;
			children = (
				6511C067230FD714005FE836 /* GSLKit.app */,
				6511C082230FD720005FE836 /* GSLKitTests.xctest */,
				6511C08D230FD720005FE836 /* GSLKitUITests.xctest */,
			);
			name = Products;
			sourceTree = "<group>";
		};
		6511C069230FD714005FE836 /* GSLKit */ = {
			isa = PBXGroup;
			children = (
				6511C06A230FD714005FE836 /* AppDelegate.h */,
				6511C06B230FD714005FE836 /* AppDelegate.m */,
				6511C070230FD714005FE836 /* ViewController.h */,
				6511C071230FD714005FE836 /* ViewController.m */,
				6511C073230FD714005FE836 /* Main.storyboard */,
				6511C076230FD720005FE836 /* Assets.xcassets */,
				6511C078230FD720005FE836 /* LaunchScreen.storyboard */,
				6511C07B230FD720005FE836 /* Info.plist */,
				6511C07C230FD720005FE836 /* main.m */,
			);
			path = GSLKit;
			sourceTree = "<group>";
		};
		6511C085230FD720005FE836 /* GSLKitTests */ = {
			isa = PBXGroup;
			children = (
				6511C086230FD720005FE836 /* GSLKitTests.m */,
				6511C088230FD720005FE836 /* Info.plist */,
			);
			path = GSLKitTests;
			sourceTree = "<group>";
		};
		6511C090230FD720005FE836 /* GSLKitUITests */ = {
			isa = PBXGroup;
			children = (
				6511C091230FD720005FE836 /* GSLKitUITests.m */,
				6511C093230FD720005FE836 /* Info.plist */,
			);
			path = GSLKitUITests;
			sourceTree = "<group>";
		};
		6511C09F230FD7AB005FE836 /* Frameworks */ = {
			isa = PBXGroup;
			children = (
				6511C0A0230FD7AB005FE836 /* GSLKit.framework */,
			);
			name = Frameworks;
			sourceTree = "<group>";
		};
/* End PBXGroup section */

/* Begin PBXNativeTarget section */
		6511C066230FD714005FE836 /* GSLKit */ = {
			isa = PBXNativeTarget;
			buildConfigurationList = 6511C096230FD720005FE836 /* Build configuration list for PBXNativeTarget "GSLKit" */;
			buildPhases = (
				6511C063230FD714005FE836 /* Sources */,
				6511C064230FD714005FE836 /* Frameworks */,
				6511C065230FD714005FE836 /* Resources */,
			);
			buildRules = (
			);
			dependencies = (
			);
			name = GSLKit;
			productName = GSLKit;
			productReference = 6511C067230FD714005FE836 /* GSLKit.app */;
			productType = "com.apple.product-type.application";
		};
		6511C081230FD720005FE836 /* GSLKitTests */ = {
			isa = PBXNativeTarget;
			buildConfigurationList = 6511C099230FD720005FE836 /* Build configuration list for PBXNativeTarget "GSLKitTests" */;
			buildPhases = (
				6511C07E230FD720005FE836 /* Sources */,
				6511C07F230FD720005FE836 /* Frameworks */,
				6511C080230FD720005FE836 /* Resources */,
			);
			buildRules = (
			);
			dependencies = (
				6511C084230FD720005FE836 /* PBXTargetDependency */,
			);
			name = GSLKitTests;
			productName = GSLKitTests;
			productReference = 6511C082230FD720005FE836 /* GSLKitTests.xctest */;
			productType = "com.apple.product-type.bundle.unit-test";
		};
		6511C08C230FD720005FE836 /* GSLKitUITests */ = {
			isa = PBXNativeTarget;
			buildConfigurationList = 6511C09C230FD720005FE836 /* Build configuration list for PBXNativeTarget "GSLKitUITests" */;
			buildPhases = (
				6511C089230FD720005FE836 /* Sources */,
				6511C08A230FD720005FE836 /* Frameworks */,
				6511C08B230FD720005FE836 /* Resources */,
			);
			buildRules = (
			);
			dependencies = (
				6511C08F230FD720005FE836 /* PBXTargetDependency */,
			);
			name = GSLKitUITests;
			productName = GSLKitUITests;
			productReference = 6511C08D230FD720005FE836 /* GSLKitUITests.xctest */;
			productType = "com.apple.product-type.bundle.ui-testing";
		};
/* End PBXNativeTarget section */

/* Begin PBXProject section */
		6511C05F230FD714005FE836 /* Project object */ = {
			isa = PBXProject;
			attributes = {
				LastUpgradeCheck = 1100;
				ORGANIZATIONNAME = wangtong;
				TargetAttributes = {
					6511C066230FD714005FE836 = {
						CreatedOnToolsVersion = 11.0;
					};
					6511C081230FD720005FE836 = {
						CreatedOnToolsVersion = 11.0;
						TestTargetID = 6511C066230FD714005FE836;
					};
					6511C08C230FD720005FE836 = {
						CreatedOnToolsVersion = 11.0;
						TestTargetID = 6511C066230FD714005FE836;
					};
				};
			};
			buildConfigurationList = 6511C062230FD714005FE836 /* Build configuration list for PBXProject "GSLKit" */;
			compatibilityVersion = "Xcode 9.3";
			developmentRegion = en;
			hasScannedForEncodings = 0;
			knownRegions = (
				en,
				Base,
			);
			mainGroup = 6511C05E230FD714005FE836;
			productRefGroup = 6511C068230FD714005FE836 /* Products */;
			projectDirPath = "";
			projectRoot = "";
			targets = (
				6511C066230FD714005FE836 /* GSLKit */,
				6511C081230FD720005FE836 /* GSLKitTests */,
				6511C08C230FD720005FE836 /* GSLKitUITests */,
			);
		};
/* End PBXProject section */

/* Begin PBXResourcesBuildPhase section */
		6511C065230FD714005FE836 /* Resources */ = {
			isa = PBXResourcesBuildPhase;
			buildActionMask = 2147483647;
			files = (
				6511C07A230FD720005FE836 /* LaunchScreen.storyboard in Resources */,
				6511C077230FD720005FE836 /* Assets.xcassets in Resources */,
				6511C075230FD714005FE836 /* Main.storyboard in Resources */,
			);
			runOnlyForDeploymentPostprocessing = 0;
		};
		6511C080230FD720005FE836 /* Resources */ = {
			isa = PBXResourcesBuildPhase;
			buildActionMask = 2147483647;
			files = (
			);
			runOnlyForDeploymentPostprocessing = 0;
		};
		6511C08B230FD720005FE836 /* Resources */ = {
			isa = PBXResourcesBuildPhase;
			buildActionMask = 2147483647;
			files = (
			);
			runOnlyForDeploymentPostprocessing = 0;
		};
/* End PBXResourcesBuildPhase section */

/* Begin PBXSourcesBuildPhase section */
		6511C063230FD714005FE836 /* Sources */ = {
			isa = PBXSourcesBuildPhase;
			buildActionMask = 2147483647;
			files = (
				6511C072230FD714005FE836 /* ViewController.m in Sources */,
				6511C06C230FD714005FE836 /* AppDelegate.m in Sources */,
				6511C07D230FD720005FE836 /* main.m in Sources */,
			);
			runOnlyForDeploymentPostprocessing = 0;
		};
		6511C07E230FD720005FE836 /* Sources */ = {
			isa = PBXSourcesBuildPhase;
			buildActionMask = 2147483647;
			files = (
				6511C087230FD720005FE836 /* GSLKitTests.m in Sources */,
			);
			runOnlyForDeploymentPostprocessing = 0;
		};
		6511C089230FD720005FE836 /* Sources */ = {
			isa = PBXSourcesBuildPhase;
			buildActionMask = 2147483647;
			files = (
				6511C092230FD720005FE836 /* GSLKitUITests.m in Sources */,
			);
			runOnlyForDeploymentPostprocessing = 0;
		};
/* End PBXSourcesBuildPhase section */

/* Begin PBXTargetDependency section */
		6511C084230FD720005FE836 /* PBXTargetDependency */ = {
			isa = PBXTargetDependency;
			target = 6511C066230FD714005FE836 /* GSLKit */;
			targetProxy = 6511C083230FD720005FE836 /* PBXContainerItemProxy */;
		};
		6511C08F230FD720005FE836 /* PBXTargetDependency */ = {
			isa = PBXTargetDependency;
			target = 6511C066230FD714005FE836 /* GSLKit */;
			targetProxy = 6511C08E230FD720005FE836 /* PBXContainerItemProxy */;
		};
/* End PBXTargetDependency section */

/* Begin PBXVariantGroup section */
		6511C073230FD714005FE836 /* Main.storyboard */ = {
			isa = PBXVariantGroup;
			children = (
				6511C074230FD714005FE836 /* Base */,
			);
			name = Main.storyboard;
			sourceTree = "<group>";
		};
		6511C078230FD720005FE836 /* LaunchScreen.storyboard */ = {
			isa = PBXVariantGroup;
			children = (
				6511C079230FD720005FE836 /* Base */,
			);
			name = LaunchScreen.storyboard;
			sourceTree = "<group>";
		};
/* End PBXVariantGroup section */

/* Begin XCBuildConfiguration section */
		6511C094230FD720005FE836 /* Debug */ = {
			isa = XCBuildConfiguration;
			buildSettings = {
				ALWAYS_SEARCH_USER_PATHS = NO;
				CLANG_ANALYZER_NONNULL = YES;
				CLANG_ANALYZER_NUMBER_OBJECT_CONVERSION = YES_AGGRESSIVE;
				CLANG_CXX_LANGUAGE_STANDARD = "gnu++14";
				CLANG_CXX_LIBRARY = "libc++";
				CLANG_ENABLE_MODULES = YES;
				CLANG_ENABLE_OBJC_ARC = YES;
				CLANG_ENABLE_OBJC_WEAK = YES;
				CLANG_WARN_BLOCK_CAPTURE_AUTORELEASING = YES;
				CLANG_WARN_BOOL_CONVERSION = YES;
				CLANG_WARN_COMMA = YES;
				CLANG_WARN_CONSTANT_CONVERSION = YES;
				CLANG_WARN_DEPRECATED_OBJC_IMPLEMENTATIONS = YES;
				CLANG_WARN_DIRECT_OBJC_ISA_USAGE = YES_ERROR;
				CLANG_WARN_DOCUMENTATION_COMMENTS = YES;
				CLANG_WARN_EMPTY_BODY = YES;
				CLANG_WARN_ENUM_CONVERSION = YES;
				CLANG_WARN_INFINITE_RECURSION = YES;
				CLANG_WARN_INT_CONVERSION = YES;
				CLANG_WARN_NON_LITERAL_NULL_CONVERSION = YES;
				CLANG_WARN_OBJC_IMPLICIT_RETAIN_SELF = YES;
				CLANG_WARN_OBJC_LITERAL_CONVERSION = YES;
				CLANG_WARN_OBJC_ROOT_CLASS = YES_ERROR;
				CLANG_WARN_RANGE_LOOP_ANALYSIS = YES;
				CLANG_WARN_STRICT_PROTOTYPES = YES;
				CLANG_WARN_SUSPICIOUS_MOVE = YES;
				CLANG_WARN_UNGUARDED_AVAILABILITY = YES_AGGRESSIVE;
				CLANG_WARN_UNREACHABLE_CODE = YES;
				CLANG_WARN__DUPLICATE_METHOD_MATCH = YES;
				COPY_PHASE_STRIP = NO;
				DEBUG_INFORMATION_FORMAT = dwarf;
				ENABLE_STRICT_OBJC_MSGSEND = YES;
				ENABLE_TESTABILITY = YES;
				GCC_C_LANGUAGE_STANDARD = gnu11;
				GCC_DYNAMIC_NO_PIC = NO;
				GCC_NO_COMMON_BLOCKS = YES;
				GCC_OPTIMIZATION_LEVEL = 0;
				GCC_PREPROCESSOR_DEFINITIONS = (
					"DEBUG=1",
					"$(inherited)",
				);
				GCC_WARN_64_TO_32_BIT_CONVERSION = YES;
				GCC_WARN_ABOUT_RETURN_TYPE = YES_ERROR;
				GCC_WARN_UNDECLARED_SELECTOR = YES;
				GCC_WARN_UNINITIALIZED_AUTOS = YES_AGGRESSIVE;
				GCC_WARN_UNUSED_FUNCTION = YES;
				GCC_WARN_UNUSED_VARIABLE = YES;
				IPHONEOS_DEPLOYMENT_TARGET = 13.0;
				MTL_ENABLE_DEBUG_INFO = INCLUDE_SOURCE;
				MTL_FAST_MATH = YES;
				ONLY_ACTIVE_ARCH = YES;
				SDKROOT = iphoneos;
			};
			name = Debug;
		};
		6511C095230FD720005FE836 /* Release */ = {
			isa = XCBuildConfiguration;
			buildSettings = {
				ALWAYS_SEARCH_USER_PATHS = NO;
				CLANG_ANALYZER_NONNULL = YES;
				CLANG_ANALYZER_NUMBER_OBJECT_CONVERSION = YES_AGGRESSIVE;
				CLANG_CXX_LANGUAGE_STANDARD = "gnu++14";
				CLANG_CXX_LIBRARY = "libc++";
				CLANG_ENABLE_MODULES = YES;
				CLANG_ENABLE_OBJC_ARC = YES;
				CLANG_ENABLE_OBJC_WEAK = YES;
				CLANG_WARN_BLOCK_CAPTURE_AUTORELEASING = YES;
				CLANG_WARN_BOOL_CONVERSION = YES;
				CLANG_WARN_COMMA = YES;
				CLANG_WARN_CONSTANT_CONVERSION = YES;
				CLANG_WARN_DEPRECATED_OBJC_IMPLEMENTATIONS = YES;
				CLANG_WARN_DIRECT_OBJC_ISA_USAGE = YES_ERROR;
				CLANG_WARN_DOCUMENTATION_COMMENTS = YES;
				CLANG_WARN_EMPTY_BODY = YES;
				CLANG_WARN_ENUM_CONVERSION = YES;
				CLANG_WARN_INFINITE_RECURSION = YES;
				CLANG_WARN_INT_CONVERSION = YES;
				CLANG_WARN_NON_LITERAL_NULL_CONVERSION = YES;
				CLANG_WARN_OBJC_IMPLICIT_RETAIN_SELF = YES;
				CLANG_WARN_OBJC_LITERAL_CONVERSION = YES;
				CLANG_WARN_OBJC_ROOT_CLASS = YES_ERROR;
				CLANG_WARN_RANGE_LOOP_ANALYSIS = YES;
				CLANG_WARN_STRICT_PROTOTYPES = YES;
				CLANG_WARN_SUSPICIOUS_MOVE = YES;
				CLANG_WARN_UNGUARDED_AVAILABILITY = YES_AGGRESSIVE;
				CLANG_WARN_UNREACHABLE_CODE = YES;
				CLANG_WARN__DUPLICATE_METHOD_MATCH = YES;
				COPY_PHASE_STRIP = NO;
				DEBUG_INFORMATION_FORMAT = "dwarf-with-dsym";
				ENABLE_NS_ASSERTIONS = NO;
				ENABLE_STRICT_OBJC_MSGSEND = YES;
				GCC_C_LANGUAGE_STANDARD = gnu11;
				GCC_NO_COMMON_BLOCKS = YES;
				GCC_WARN_64_TO_32_BIT_CONVERSION = YES;
				GCC_WARN_ABOUT_RETURN_TYPE = YES_ERROR;
				GCC_WARN_UNDECLARED_SELECTOR = YES;
				GCC_WARN_UNINITIALIZED_AUTOS = YES_AGGRESSIVE;
				GCC_WARN_UNUSED_FUNCTION = YES;
				GCC_WARN_UNUSED_VARIABLE = YES;
				IPHONEOS_DEPLOYMENT_TARGET = 13.0;
				MTL_ENABLE_DEBUG_INFO = NO;
				MTL_FAST_MATH = YES;
				SDKROOT = iphoneos;
				VALIDATE_PRODUCT = YES;
			};
			name = Release;
		};
		6511C097230FD720005FE836 /* Debug */ = {
			isa = XCBuildConfiguration;
			buildSettings = {
				ASSETCATALOG_COMPILER_APPICON_NAME = AppIcon;
				CODE_SIGN_STYLE = Automatic;
				FRAMEWORK_SEARCH_PATHS = (
					"$(inherited)",
					"$(PROJECT_DIR)",
				);
				INFOPLIST_FILE = GSLKit/Info.plist;
				LD_RUNPATH_SEARCH_PATHS = (
					"$(inherited)",
					"@executable_path/Frameworks",
				);
				PRODUCT_BUNDLE_IDENTIFIER = com.GSL.GSLKit;
				PRODUCT_NAME = "$(TARGET_NAME)";
				TARGETED_DEVICE_FAMILY = "1,2";
			};
			name = Debug;
		};
		6511C098230FD720005FE836 /* Release */ = {
			isa = XCBuildConfiguration;
			buildSettings = {
				ASSETCATALOG_COMPILER_APPICON_NAME = AppIcon;
				CODE_SIGN_STYLE = Automatic;
				FRAMEWORK_SEARCH_PATHS = (
					"$(inherited)",
					"$(PROJECT_DIR)",
				);
				INFOPLIST_FILE = GSLKit/Info.plist;
				LD_RUNPATH_SEARCH_PATHS = (
					"$(inherited)",
					"@executable_path/Frameworks",
				);
				PRODUCT_BUNDLE_IDENTIFIER = com.GSL.GSLKit;
				PRODUCT_NAME = "$(TARGET_NAME)";
				TARGETED_DEVICE_FAMILY = "1,2";
			};
			name = Release;
		};
		6511C09A230FD720005FE836 /* Debug */ = {
			isa = XCBuildConfiguration;
			buildSettings = {
				BUNDLE_LOADER = "$(TEST_HOST)";
				CODE_SIGN_STYLE = Automatic;
				INFOPLIST_FILE = GSLKitTests/Info.plist;
				LD_RUNPATH_SEARCH_PATHS = (
					"$(inherited)",
					"@executable_path/Frameworks",
					"@loader_path/Frameworks",
				);
				PRODUCT_BUNDLE_IDENTIFIER = com.GSL.GSLKitTests;
				PRODUCT_NAME = "$(TARGET_NAME)";
				TARGETED_DEVICE_FAMILY = "1,2";
				TEST_HOST = "$(BUILT_PRODUCTS_DIR)/GSLKit.app/GSLKit";
			};
			name = Debug;
		};
		6511C09B230FD720005FE836 /* Release */ = {
			isa = XCBuildConfiguration;
			buildSettings = {
				BUNDLE_LOADER = "$(TEST_HOST)";
				CODE_SIGN_STYLE = Automatic;
				INFOPLIST_FILE = GSLKitTests/Info.plist;
				LD_RUNPATH_SEARCH_PATHS = (
					"$(inherited)",
					"@executable_path/Frameworks",
					"@loader_path/Frameworks",
				);
				PRODUCT_BUNDLE_IDENTIFIER = com.GSL.GSLKitTests;
				PRODUCT_NAME = "$(TARGET_NAME)";
				TARGETED_DEVICE_FAMILY = "1,2";
				TEST_HOST = "$(BUILT_PRODUCTS_DIR)/GSLKit.app/GSLKit";
			};
			name = Release;
		};
		6511C09D230FD720005FE836 /* Debug */ = {
			isa = XCBuildConfiguration;
			buildSettings = {
				CODE_SIGN_STYLE = Automatic;
				INFOPLIST_FILE = GSLKitUITests/Info.plist;
				LD_RUNPATH_SEARCH_PATHS = (
					"$(inherited)",
					"@executable_path/Frameworks",
					"@loader_path/Frameworks",
				);
				PRODUCT_BUNDLE_IDENTIFIER = com.GSL.GSLKitUITests;
				PRODUCT_NAME = "$(TARGET_NAME)";
				TARGETED_DEVICE_FAMILY = "1,2";
				TEST_TARGET_NAME = GSLKit;
			};
			name = Debug;
		};
		6511C09E230FD720005FE836 /* Release */ = {
			isa = XCBuildConfiguration;
			buildSettings = {
				CODE_SIGN_STYLE = Automatic;
				INFOPLIST_FILE = GSLKitUITests/Info.plist;
				LD_RUNPATH_SEARCH_PATHS = (
					"$(inherited)",
					"@executable_path/Frameworks",
					"@loader_path/Frameworks",
				);
				PRODUCT_BUNDLE_IDENTIFIER = com.GSL.GSLKitUITests;
				PRODUCT_NAME = "$(TARGET_NAME)";
				TARGETED_DEVICE_FAMILY = "1,2";
				TEST_TARGET_NAME = GSLKit;
			};
			name = Release;
		};
/* End XCBuildConfiguration section */

/* Begin XCConfigurationList section */
		6511C062230FD714005FE836 /* Build configuration list for PBXProject "GSLKit" */ = {
			isa = XCConfigurationList;
			buildConfigurations = (
				6511C094230FD720005FE836 /* Debug */,
				6511C095230FD720005FE836 /* Release */,
			);
			defaultConfigurationIsVisible = 0;
			defaultConfigurationName = Release;
		};
		6511C096230FD720005FE836 /* Build configuration list for PBXNativeTarget "GSLKit" */ = {
			isa = XCConfigurationList;
			buildConfigurations = (
				6511C097230FD720005FE836 /* Debug */,
				6511C098230FD720005FE836 /* Release */,
			);
			defaultConfigurationIsVisible = 0;
			defaultConfigurationName = Release;
		};
		6511C099230FD720005FE836 /* Build configuration list for PBXNativeTarget "GSLKitTests" */ = {
			isa = XCConfigurationList;
			buildConfigurations = (
				6511C09A230FD720005FE836 /* Debug */,
				6511C09B230FD720005FE836 /* Release */,
			);
			defaultConfigurationIsVisible = 0;
			defaultConfigurationName = Release;
		};
		6511C09C230FD720005FE836 /* Build configuration list for PBXNativeTarget "GSLKitUITests" */ = {
			isa = XCConfigurationList;
			buildConfigurations = (
				6511C09D230FD720005FE836 /* Debug */,
				6511C09E230FD720005FE836 /* Release */,
			);
			defaultConfigurationIsVisible = 0;
			defaultConfigurationName = Release;
		};
/* End XCConfigurationList section */
	};
	rootObject = 6511C05F230FD714005FE836 /* Project object */;
}
